
Microsoft Visual Studio Solution File, Format Version 12.00
# Visual Studio Version 17
VisualStudioVersion = 17.8.34322.80
MinimumVisualStudioVersion = 10.0.40219.1
Project("{2150E333-8FDC-42A3-9474-1A3956D46DE8}") = "01 - Testes de unidade", "01 - Testes de unidade", "{A751CFEF-7195-41AC-81ED-A84C979B1AA3}"
EndProject
Project("{2150E333-8FDC-42A3-9474-1A3956D46DE8}") = "1.1 - Testes Basicos", "1.1 - Testes Basicos", "{BEF94790-D751-4C96-92B5-4450BFDA9F8B}"
EndProject
Project("{9A19103F-16F7-4668-BE54-9A1E7A4F7556}") = "Demo", "TestesDeUnidade\Demo\Demo.csproj", "{582F32F5-3197-44E9-BC28-6FE56936412E}"
EndProject
Project("{9A19103F-16F7-4668-BE54-9A1E7A4F7556}") = "Demo.Testes", "TestesDeUnidade\Demo.Testes\Demo.Testes.csproj", "{D5068172-1613-45FA-A126-2CB744947680}"
EndProject
Project("{2150E333-8FDC-42A3-9474-1A3956D46DE8}") = "1.2 - Features", "1.2 - Features", "{5709A56D-1C83-4107-B6C3-F91060214995}"
EndProject
Project("{9A19103F-16F7-4668-BE54-9A1E7A4F7556}") = "Features", "TestesDeUnidade\Features\Features.csproj", "{416E512A-D796-49B9-A527-9A8AB5B77143}"
EndProject
Project("{9A19103F-16F7-4668-BE54-9A1E7A4F7556}") = "Features.Testes", "TestesDeUnidade\Features.Testes\Features.Testes.csproj", "{49B35240-EE80-4759-A138-E16C465DA0A7}"
EndProject
Project("{2150E333-8FDC-42A3-9474-1A3956D46DE8}") = "02 - TDD", "02 - TDD", "{3D18155D-2A7F-406F-9B29-D4F355F5FB92}"
EndProject
Project("{2150E333-8FDC-42A3-9474-1A3956D46DE8}") = "Testes", "Testes", "{2B469A00-A2B0-4403-BDC8-5FE2D325D139}"
EndProject
Project("{9A19103F-16F7-4668-BE54-9A1E7A4F7556}") = "Nerdstore.Vendas.Application.Tests", "TDD\Testes\Nerdstore.Vendas.Application.Tests\Nerdstore.Vendas.Application.Tests.csproj", "{CE24B72D-005B-4B59-9872-6B37AB7E8E65}"
EndProject
Project("{9A19103F-16F7-4668-BE54-9A1E7A4F7556}") = "Nerdstore.Vendas.Domain.Testes", "TDD\Testes\Nerdstore.Vendas.Domain.Testes\Nerdstore.Vendas.Domain.Testes.csproj", "{4A6357CD-D031-44D3-AD23-B8A32F3CFC6C}"
EndProject
Project("{9A19103F-16F7-4668-BE54-9A1E7A4F7556}") = "Nerdstore.Vendas.Domain", "TDD\Nerdstore.Vendas.Domain\Nerdstore.Vendas.Domain.csproj", "{E42D86EB-DE66-4158-8E7D-FC40F8847F0F}"
EndProject
Project("{9A19103F-16F7-4668-BE54-9A1E7A4F7556}") = "Nerdstore.Core", "TDD\Nerdstore.Core\Nerdstore.Core.csproj", "{2ED150A8-1EC4-4105-A493-77795443EF6F}"
EndProject
Project("{9A19103F-16F7-4668-BE54-9A1E7A4F7556}") = "Nerdstore.Vendas.Application", "TDD\Nerdstore.Vendas.Application\Nerdstore.Vendas.Application.csproj", "{23745410-942A-4C19-A8AF-22FD94E5EF23}"
EndProject
Project("{9A19103F-16F7-4668-BE54-9A1E7A4F7556}") = "Nerdstore.Vendas.Core.Testes", "Nerdstore.Vendas.Core.Testes\Nerdstore.Vendas.Core.Testes.csproj", "{E3A2B911-4F5A-44CF-B7E0-47A3FC93618B}"
EndProject
Project("{9A19103F-16F7-4668-BE54-9A1E7A4F7556}") = "Nerdstore.Vendas.Data", "Nerdstore.Vendas.Data\Nerdstore.Vendas.Data.csproj", "{333C1341-6D37-4A0E-8150-895DE221A296}"
EndProject
Project("{2150E333-8FDC-42A3-9474-1A3956D46DE8}") = "03 - Testes de integracao", "03 - Testes de integracao", "{F380BB9F-D9DF-4E26-84D3-A64C90DAE8F1}"
EndProject
Project("{9A19103F-16F7-4668-BE54-9A1E7A4F7556}") = "NerdStore.Catalogo.Domain", "TestesDeIntegracao\src\NerdStore.Catalogo.Domain\NerdStore.Catalogo.Domain.csproj", "{F69F8C18-4FF1-4411-9CE0-51B117BA46C7}"
EndProject
Project("{9A19103F-16F7-4668-BE54-9A1E7A4F7556}") = "NerdStore.Catalogo.Data", "TestesDeIntegracao\src\NerdStore.Catalogo.Data\NerdStore.Catalogo.Data.csproj", "{9672BAF3-161F-488D-997A-E2D5AB6939EA}"
EndProject
Project("{9A19103F-16F7-4668-BE54-9A1E7A4F7556}") = "NerdStore.Catalogo.Application", "TestesDeIntegracao\src\NerdStore.Catalogo.Application\NerdStore.Catalogo.Application.csproj", "{97EDCF96-C86B-41E2-9C0D-DCBF149B7FC3}"
EndProject
Project("{9A19103F-16F7-4668-BE54-9A1E7A4F7556}") = "NerdStore.WebApp.MVC", "TestesDeIntegracao\src\NerdStore.WebApp.MVC\NerdStore.WebApp.MVC.csproj", "{25139340-3BB4-4D7C-90D5-2B7587978CE9}"
EndProject
Global
	GlobalSection(SolutionConfigurationPlatforms) = preSolution
		Debug|Any CPU = Debug|Any CPU
		Release|Any CPU = Release|Any CPU
	EndGlobalSection
	GlobalSection(ProjectConfigurationPlatforms) = postSolution
		{582F32F5-3197-44E9-BC28-6FE56936412E}.Debug|Any CPU.ActiveCfg = Debug|Any CPU
		{582F32F5-3197-44E9-BC28-6FE56936412E}.Debug|Any CPU.Build.0 = Debug|Any CPU
		{582F32F5-3197-44E9-BC28-6FE56936412E}.Release|Any CPU.ActiveCfg = Release|Any CPU
		{582F32F5-3197-44E9-BC28-6FE56936412E}.Release|Any CPU.Build.0 = Release|Any CPU
		{D5068172-1613-45FA-A126-2CB744947680}.Debug|Any CPU.ActiveCfg = Debug|Any CPU
		{D5068172-1613-45FA-A126-2CB744947680}.Debug|Any CPU.Build.0 = Debug|Any CPU
		{D5068172-1613-45FA-A126-2CB744947680}.Release|Any CPU.ActiveCfg = Release|Any CPU
		{D5068172-1613-45FA-A126-2CB744947680}.Release|Any CPU.Build.0 = Release|Any CPU
		{416E512A-D796-49B9-A527-9A8AB5B77143}.Debug|Any CPU.ActiveCfg = Debug|Any CPU
		{416E512A-D796-49B9-A527-9A8AB5B77143}.Debug|Any CPU.Build.0 = Debug|Any CPU
		{416E512A-D796-49B9-A527-9A8AB5B77143}.Release|Any CPU.ActiveCfg = Release|Any CPU
		{416E512A-D796-49B9-A527-9A8AB5B77143}.Release|Any CPU.Build.0 = Release|Any CPU
		{49B35240-EE80-4759-A138-E16C465DA0A7}.Debug|Any CPU.ActiveCfg = Debug|Any CPU
		{49B35240-EE80-4759-A138-E16C465DA0A7}.Debug|Any CPU.Build.0 = Debug|Any CPU
		{49B35240-EE80-4759-A138-E16C465DA0A7}.Release|Any CPU.ActiveCfg = Release|Any CPU
		{49B35240-EE80-4759-A138-E16C465DA0A7}.Release|Any CPU.Build.0 = Release|Any CPU
		{CE24B72D-005B-4B59-9872-6B37AB7E8E65}.Debug|Any CPU.ActiveCfg = Debug|Any CPU
		{CE24B72D-005B-4B59-9872-6B37AB7E8E65}.Debug|Any CPU.Build.0 = Debug|Any CPU
		{CE24B72D-005B-4B59-9872-6B37AB7E8E65}.Release|Any CPU.ActiveCfg = Release|Any CPU
		{CE24B72D-005B-4B59-9872-6B37AB7E8E65}.Release|Any CPU.Build.0 = Release|Any CPU
		{4A6357CD-D031-44D3-AD23-B8A32F3CFC6C}.Debug|Any CPU.ActiveCfg = Debug|Any CPU
		{4A6357CD-D031-44D3-AD23-B8A32F3CFC6C}.Debug|Any CPU.Build.0 = Debug|Any CPU
		{4A6357CD-D031-44D3-AD23-B8A32F3CFC6C}.Release|Any CPU.ActiveCfg = Release|Any CPU
		{4A6357CD-D031-44D3-AD23-B8A32F3CFC6C}.Release|Any CPU.Build.0 = Release|Any CPU
		{E42D86EB-DE66-4158-8E7D-FC40F8847F0F}.Debug|Any CPU.ActiveCfg = Debug|Any CPU
		{E42D86EB-DE66-4158-8E7D-FC40F8847F0F}.Debug|Any CPU.Build.0 = Debug|Any CPU
		{E42D86EB-DE66-4158-8E7D-FC40F8847F0F}.Release|Any CPU.ActiveCfg = Release|Any CPU
		{E42D86EB-DE66-4158-8E7D-FC40F8847F0F}.Release|Any CPU.Build.0 = Release|Any CPU
		{2ED150A8-1EC4-4105-A493-77795443EF6F}.Debug|Any CPU.ActiveCfg = Debug|Any CPU
		{2ED150A8-1EC4-4105-A493-77795443EF6F}.Debug|Any CPU.Build.0 = Debug|Any CPU
		{2ED150A8-1EC4-4105-A493-77795443EF6F}.Release|Any CPU.ActiveCfg = Release|Any CPU
		{2ED150A8-1EC4-4105-A493-77795443EF6F}.Release|Any CPU.Build.0 = Release|Any CPU
		{23745410-942A-4C19-A8AF-22FD94E5EF23}.Debug|Any CPU.ActiveCfg = Debug|Any CPU
		{23745410-942A-4C19-A8AF-22FD94E5EF23}.Debug|Any CPU.Build.0 = Debug|Any CPU
		{23745410-942A-4C19-A8AF-22FD94E5EF23}.Release|Any CPU.ActiveCfg = Release|Any CPU
		{23745410-942A-4C19-A8AF-22FD94E5EF23}.Release|Any CPU.Build.0 = Release|Any CPU
		{E3A2B911-4F5A-44CF-B7E0-47A3FC93618B}.Debug|Any CPU.ActiveCfg = Debug|Any CPU
		{E3A2B911-4F5A-44CF-B7E0-47A3FC93618B}.Debug|Any CPU.Build.0 = Debug|Any CPU
		{E3A2B911-4F5A-44CF-B7E0-47A3FC93618B}.Release|Any CPU.ActiveCfg = Release|Any CPU
		{E3A2B911-4F5A-44CF-B7E0-47A3FC93618B}.Release|Any CPU.Build.0 = Release|Any CPU
		{333C1341-6D37-4A0E-8150-895DE221A296}.Debug|Any CPU.ActiveCfg = Debug|Any CPU
		{333C1341-6D37-4A0E-8150-895DE221A296}.Debug|Any CPU.Build.0 = Debug|Any CPU
		{333C1341-6D37-4A0E-8150-895DE221A296}.Release|Any CPU.ActiveCfg = Release|Any CPU
		{333C1341-6D37-4A0E-8150-895DE221A296}.Release|Any CPU.Build.0 = Release|Any CPU
		{F69F8C18-4FF1-4411-9CE0-51B117BA46C7}.Debug|Any CPU.ActiveCfg = Debug|Any CPU
		{F69F8C18-4FF1-4411-9CE0-51B117BA46C7}.Debug|Any CPU.Build.0 = Debug|Any CPU
		{F69F8C18-4FF1-4411-9CE0-51B117BA46C7}.Release|Any CPU.ActiveCfg = Release|Any CPU
		{F69F8C18-4FF1-4411-9CE0-51B117BA46C7}.Release|Any CPU.Build.0 = Release|Any CPU
		{9672BAF3-161F-488D-997A-E2D5AB6939EA}.Debug|Any CPU.ActiveCfg = Debug|Any CPU
		{9672BAF3-161F-488D-997A-E2D5AB6939EA}.Debug|Any CPU.Build.0 = Debug|Any CPU
		{9672BAF3-161F-488D-997A-E2D5AB6939EA}.Release|Any CPU.ActiveCfg = Release|Any CPU
		{9672BAF3-161F-488D-997A-E2D5AB6939EA}.Release|Any CPU.Build.0 = Release|Any CPU
		{97EDCF96-C86B-41E2-9C0D-DCBF149B7FC3}.Debug|Any CPU.ActiveCfg = Debug|Any CPU
		{97EDCF96-C86B-41E2-9C0D-DCBF149B7FC3}.Debug|Any CPU.Build.0 = Debug|Any CPU
		{97EDCF96-C86B-41E2-9C0D-DCBF149B7FC3}.Release|Any CPU.ActiveCfg = Release|Any CPU
		{97EDCF96-C86B-41E2-9C0D-DCBF149B7FC3}.Release|Any CPU.Build.0 = Release|Any CPU
		{25139340-3BB4-4D7C-90D5-2B7587978CE9}.Debug|Any CPU.ActiveCfg = Debug|Any CPU
		{25139340-3BB4-4D7C-90D5-2B7587978CE9}.Debug|Any CPU.Build.0 = Debug|Any CPU
		{25139340-3BB4-4D7C-90D5-2B7587978CE9}.Release|Any CPU.ActiveCfg = Release|Any CPU
		{25139340-3BB4-4D7C-90D5-2B7587978CE9}.Release|Any CPU.Build.0 = Release|Any CPU
	EndGlobalSection
	GlobalSection(SolutionProperties) = preSolution
		HideSolutionNode = FALSE
	EndGlobalSection
	GlobalSection(NestedProjects) = preSolution
		{BEF94790-D751-4C96-92B5-4450BFDA9F8B} = {A751CFEF-7195-41AC-81ED-A84C979B1AA3}
		{582F32F5-3197-44E9-BC28-6FE56936412E} = {BEF94790-D751-4C96-92B5-4450BFDA9F8B}
		{D5068172-1613-45FA-A126-2CB744947680} = {BEF94790-D751-4C96-92B5-4450BFDA9F8B}
		{5709A56D-1C83-4107-B6C3-F91060214995} = {A751CFEF-7195-41AC-81ED-A84C979B1AA3}
		{416E512A-D796-49B9-A527-9A8AB5B77143} = {5709A56D-1C83-4107-B6C3-F91060214995}
		{49B35240-EE80-4759-A138-E16C465DA0A7} = {5709A56D-1C83-4107-B6C3-F91060214995}
		{2B469A00-A2B0-4403-BDC8-5FE2D325D139} = {3D18155D-2A7F-406F-9B29-D4F355F5FB92}
		{CE24B72D-005B-4B59-9872-6B37AB7E8E65} = {2B469A00-A2B0-4403-BDC8-5FE2D325D139}
		{4A6357CD-D031-44D3-AD23-B8A32F3CFC6C} = {2B469A00-A2B0-4403-BDC8-5FE2D325D139}
		{E42D86EB-DE66-4158-8E7D-FC40F8847F0F} = {3D18155D-2A7F-406F-9B29-D4F355F5FB92}
		{2ED150A8-1EC4-4105-A493-77795443EF6F} = {3D18155D-2A7F-406F-9B29-D4F355F5FB92}
		{23745410-942A-4C19-A8AF-22FD94E5EF23} = {3D18155D-2A7F-406F-9B29-D4F355F5FB92}
		{E3A2B911-4F5A-44CF-B7E0-47A3FC93618B} = {2B469A00-A2B0-4403-BDC8-5FE2D325D139}
		{333C1341-6D37-4A0E-8150-895DE221A296} = {3D18155D-2A7F-406F-9B29-D4F355F5FB92}
		{F69F8C18-4FF1-4411-9CE0-51B117BA46C7} = {F380BB9F-D9DF-4E26-84D3-A64C90DAE8F1}
		{9672BAF3-161F-488D-997A-E2D5AB6939EA} = {F380BB9F-D9DF-4E26-84D3-A64C90DAE8F1}
		{97EDCF96-C86B-41E2-9C0D-DCBF149B7FC3} = {F380BB9F-D9DF-4E26-84D3-A64C90DAE8F1}
		{25139340-3BB4-4D7C-90D5-2B7587978CE9} = {F380BB9F-D9DF-4E26-84D3-A64C90DAE8F1}
	EndGlobalSection
	GlobalSection(ExtensibilityGlobals) = postSolution
		SolutionGuid = {894F69A6-DEE1-4514-9AAE-F9D4DB2FA13C}
	EndGlobalSection
EndGlobal
